// !$*UTF8*$!
{
	archiveVersion = 1;
	classes = {
	};
	objectVersion = 50;
	objects = {

/* Begin PBXBuildFile section */
		96DAA897221750C20023ECAC /* AppDelegate.swift in Sources */ = {isa = PBXBuildFile; fileRef = 96DAA896221750C20023ECAC /* AppDelegate.swift */; };
		96DAA899221750C20023ECAC /* ViewController.swift in Sources */ = {isa = PBXBuildFile; fileRef = 96DAA898221750C20023ECAC /* ViewController.swift */; };
		96DAA89C221750C20023ECAC /* Main.storyboard in Resources */ = {isa = PBXBuildFile; fileRef = 96DAA89A221750C20023ECAC /* Main.storyboard */; };
		96DAA89E221750C30023ECAC /* Assets.xcassets in Resources */ = {isa = PBXBuildFile; fileRef = 96DAA89D221750C30023ECAC /* Assets.xcassets */; };
		96DAA8A1221750C30023ECAC /* LaunchScreen.storyboard in Resources */ = {isa = PBXBuildFile; fileRef = 96DAA89F221750C30023ECAC /* LaunchScreen.storyboard */; };
		96DAA8AC221750C30023ECAC /* ParkEasyTests.swift in Sources */ = {isa = PBXBuildFile; fileRef = 96DAA8AB221750C30023ECAC /* ParkEasyTests.swift */; };
		96DAA8B7221750C30023ECAC /* ParkEasyUITests.swift in Sources */ = {isa = PBXBuildFile; fileRef = 96DAA8B6221750C30023ECAC /* ParkEasyUITests.swift */; };
/* End PBXBuildFile section */

/* Begin PBXContainerItemProxy section */
		96DAA8A8221750C30023ECAC /* PBXContainerItemProxy */ = {
			isa = PBXContainerItemProxy;
			containerPortal = 96DAA88B221750C20023ECAC /* Project object */;
			proxyType = 1;
			remoteGlobalIDString = 96DAA892221750C20023ECAC;
			remoteInfo = ParkEasy;
		};
		96DAA8B3221750C30023ECAC /* PBXContainerItemProxy */ = {
			isa = PBXContainerItemProxy;
			containerPortal = 96DAA88B221750C20023ECAC /* Project object */;
			proxyType = 1;
			remoteGlobalIDString = 96DAA892221750C20023ECAC;
			remoteInfo = ParkEasy;
		};
/* End PBXContainerItemProxy section */

/* Begin PBXFileReference section */
		96DAA893221750C20023ECAC /* ParkEasy.app */ = {isa = PBXFileReference; explicitFileType = wrapper.application; includeInIndex = 0; path = ParkEasy.app; sourceTree = BUILT_PRODUCTS_DIR; };
		96DAA896221750C20023ECAC /* AppDelegate.swift */ = {isa = PBXFileReference; lastKnownFileType = sourcecode.swift; path = AppDelegate.swift; sourceTree = "<group>"; };
		96DAA898221750C20023ECAC /* ViewController.swift */ = {isa = PBXFileReference; lastKnownFileType = sourcecode.swift; path = ViewController.swift; sourceTree = "<group>"; };
		96DAA89B221750C20023ECAC /* Base */ = {isa = PBXFileReference; lastKnownFileType = file.storyboard; name = Base; path = Base.lproj/Main.storyboard; sourceTree = "<group>"; };
		96DAA89D221750C30023ECAC /* Assets.xcassets */ = {isa = PBXFileReference; lastKnownFileType = folder.assetcatalog; path = Assets.xcassets; sourceTree = "<group>"; };
		96DAA8A0221750C30023ECAC /* Base */ = {isa = PBXFileReference; lastKnownFileType = file.storyboard; name = Base; path = Base.lproj/LaunchScreen.storyboard; sourceTree = "<group>"; };
		96DAA8A2221750C30023ECAC /* Info.plist */ = {isa = PBXFileReference; lastKnownFileType = text.plist.xml; path = Info.plist; sourceTree = "<group>"; };
		96DAA8A7221750C30023ECAC /* ParkEasyTests.xctest */ = {isa = PBXFileReference; explicitFileType = wrapper.cfbundle; includeInIndex = 0; path = ParkEasyTests.xctest; sourceTree = BUILT_PRODUCTS_DIR; };
		96DAA8AB221750C30023ECAC /* ParkEasyTests.swift */ = {isa = PBXFileReference; lastKnownFileType = sourcecode.swift; path = ParkEasyTests.swift; sourceTree = "<group>"; };
		96DAA8AD221750C30023ECAC /* Info.plist */ = {isa = PBXFileReference; lastKnownFileType = text.plist.xml; path = Info.plist; sourceTree = "<group>"; };
		96DAA8B2221750C30023ECAC /* ParkEasyUITests.xctest */ = {isa = PBXFileReference; explicitFileType = wrapper.cfbundle; includeInIndex = 0; path = ParkEasyUITests.xctest; sourceTree = BUILT_PRODUCTS_DIR; };
		96DAA8B6221750C30023ECAC /* ParkEasyUITests.swift */ = {isa = PBXFileReference; lastKnownFileType = sourcecode.swift; path = ParkEasyUITests.swift; sourceTree = "<group>"; };
		96DAA8B8221750C30023ECAC /* Info.plist */ = {isa = PBXFileReference; lastKnownFileType = text.plist.xml; path = Info.plist; sourceTree = "<group>"; };
/* End PBXFileReference section */

/* Begin PBXFrameworksBuildPhase section */
		96DAA890221750C20023ECAC /* Frameworks */ = {
			isa = PBXFrameworksBuildPhase;
			buildActionMask = 2147483647;
			files = (
			);
			runOnlyForDeploymentPostprocessing = 0;
		};
		96DAA8A4221750C30023ECAC /* Frameworks */ = {
			isa = PBXFrameworksBuildPhase;
			buildActionMask = 2147483647;
			files = (
			);
			runOnlyForDeploymentPostprocessing = 0;
		};
		96DAA8AF221750C30023ECAC /* Frameworks */ = {
			isa = PBXFrameworksBuildPhase;
			buildActionMask = 2147483647;
			files = (
			);
			runOnlyForDeploymentPostprocessing = 0;
		};
/* End PBXFrameworksBuildPhase section */

/* Begin PBXGroup section */
		96DAA88A221750C20023ECAC = {
			isa = PBXGroup;
			children = (
				96DAA895221750C20023ECAC /* ParkEasy */,
				96DAA8AA221750C30023ECAC /* ParkEasyTests */,
				96DAA8B5221750C30023ECAC /* ParkEasyUITests */,
				96DAA894221750C20023ECAC /* Products */,
			);
			sourceTree = "<group>";
		};
		96DAA894221750C20023ECAC /* Products */ = {
			isa = PBXGroup;
			children = (
				96DAA893221750C20023ECAC /* ParkEasy.app */,
				96DAA8A7221750C30023ECAC /* ParkEasyTests.xctest */,
				96DAA8B2221750C30023ECAC /* ParkEasyUITests.xctest */,
			);
			name = Products;
			sourceTree = "<group>";
		};
		96DAA895221750C20023ECAC /* ParkEasy */ = {
			isa = PBXGroup;
			children = (
				96DAA896221750C20023ECAC /* AppDelegate.swift */,
				96DAA898221750C20023ECAC /* ViewController.swift */,
				96DAA89A221750C20023ECAC /* Main.storyboard */,
				96DAA89D221750C30023ECAC /* Assets.xcassets */,
				96DAA89F221750C30023ECAC /* LaunchScreen.storyboard */,
				96DAA8A2221750C30023ECAC /* Info.plist */,
			);
			path = ParkEasy;
			sourceTree = "<group>";
		};
		96DAA8AA221750C30023ECAC /* ParkEasyTests */ = {
			isa = PBXGroup;
			children = (
				96DAA8AB221750C30023ECAC /* ParkEasyTests.swift */,
				96DAA8AD221750C30023ECAC /* Info.plist */,
			);
			path = ParkEasyTests;
			sourceTree = "<group>";
		};
		96DAA8B5221750C30023ECAC /* ParkEasyUITests */ = {
			isa = PBXGroup;
			children = (
				96DAA8B6221750C30023ECAC /* ParkEasyUITests.swift */,
				96DAA8B8221750C30023ECAC /* Info.plist */,
			);
			path = ParkEasyUITests;
			sourceTree = "<group>";
		};
/* End PBXGroup section */

/* Begin PBXNativeTarget section */
		96DAA892221750C20023ECAC /* ParkEasy */ = {
			isa = PBXNativeTarget;
			buildConfigurationList = 96DAA8BB221750C30023ECAC /* Build configuration list for PBXNativeTarget "ParkEasy" */;
			buildPhases = (
				96DAA88F221750C20023ECAC /* Sources */,
				96DAA890221750C20023ECAC /* Frameworks */,
				96DAA891221750C20023ECAC /* Resources */,
			);
			buildRules = (
			);
			dependencies = (
			);
			name = ParkEasy;
			productName = ParkEasy;
			productReference = 96DAA893221750C20023ECAC /* ParkEasy.app */;
			productType = "com.apple.product-type.application";
		};
		96DAA8A6221750C30023ECAC /* ParkEasyTests */ = {
			isa = PBXNativeTarget;
			buildConfigurationList = 96DAA8BE221750C30023ECAC /* Build configuration list for PBXNativeTarget "ParkEasyTests" */;
			buildPhases = (
				96DAA8A3221750C30023ECAC /* Sources */,
				96DAA8A4221750C30023ECAC /* Frameworks */,
				96DAA8A5221750C30023ECAC /* Resources */,
			);
			buildRules = (
			);
			dependencies = (
				96DAA8A9221750C30023ECAC /* PBXTargetDependency */,
			);
			name = ParkEasyTests;
			productName = ParkEasyTests;
			productReference = 96DAA8A7221750C30023ECAC /* ParkEasyTests.xctest */;
			productType = "com.apple.product-type.bundle.unit-test";
		};
		96DAA8B1221750C30023ECAC /* ParkEasyUITests */ = {
			isa = PBXNativeTarget;
			buildConfigurationList = 96DAA8C1221750C30023ECAC /* Build configuration list for PBXNativeTarget "ParkEasyUITests" */;
			buildPhases = (
				96DAA8AE221750C30023ECAC /* Sources */,
				96DAA8AF221750C30023ECAC /* Frameworks */,
				96DAA8B0221750C30023ECAC /* Resources */,
			);
			buildRules = (
			);
			dependencies = (
				96DAA8B4221750C30023ECAC /* PBXTargetDependency */,
			);
			name = ParkEasyUITests;
			productName = ParkEasyUITests;
			productReference = 96DAA8B2221750C30023ECAC /* ParkEasyUITests.xctest */;
			productType = "com.apple.product-type.bundle.ui-testing";
		};
/* End PBXNativeTarget section */

/* Begin PBXProject section */
		96DAA88B221750C20023ECAC /* Project object */ = {
			isa = PBXProject;
			attributes = {
				LastSwiftUpdateCheck = 1010;
				LastUpgradeCheck = 1010;
				ORGANIZATIONNAME = "Yablonskiy Alexey";
				TargetAttributes = {
					96DAA892221750C20023ECAC = {
						CreatedOnToolsVersion = 10.1;
					};
					96DAA8A6221750C30023ECAC = {
						CreatedOnToolsVersion = 10.1;
						TestTargetID = 96DAA892221750C20023ECAC;
					};
					96DAA8B1221750C30023ECAC = {
						CreatedOnToolsVersion = 10.1;
						TestTargetID = 96DAA892221750C20023ECAC;
					};
				};
			};
			buildConfigurationList = 96DAA88E221750C20023ECAC /* Build configuration list for PBXProject "ParkEasy" */;
			compatibilityVersion = "Xcode 9.3";
			developmentRegion = en;
			hasScannedForEncodings = 0;
			knownRegions = (
				en,
				Base,
			);
			mainGroup = 96DAA88A221750C20023ECAC;
			productRefGroup = 96DAA894221750C20023ECAC /* Products */;
			projectDirPath = "";
			projectRoot = "";
			targets = (
				96DAA892221750C20023ECAC /* ParkEasy */,
				96DAA8A6221750C30023ECAC /* ParkEasyTests */,
				96DAA8B1221750C30023ECAC /* ParkEasyUITests */,
			);
		};
/* End PBXProject section */

/* Begin PBXResourcesBuildPhase section */
		96DAA891221750C20023ECAC /* Resources */ = {
			isa = PBXResourcesBuildPhase;
			buildActionMask = 2147483647;
			files = (
				96DAA8A1221750C30023ECAC /* LaunchScreen.storyboard in Resources */,
				96DAA89E221750C30023ECAC /* Assets.xcassets in Resources */,
				96DAA89C221750C20023ECAC /* Main.storyboard in Resources */,
			);
			runOnlyForDeploymentPostprocessing = 0;
		};
		96DAA8A5221750C30023ECAC /* Resources */ = {
			isa = PBXResourcesBuildPhase;
			buildActionMask = 2147483647;
			files = (
			);
			runOnlyForDeploymentPostprocessing = 0;
		};
		96DAA8B0221750C30023ECAC /* Resources */ = {
			isa = PBXResourcesBuildPhase;
			buildActionMask = 2147483647;
			files = (
			);
			runOnlyForDeploymentPostprocessing = 0;
		};
/* End PBXResourcesBuildPhase section */

/* Begin PBXSourcesBuildPhase section */
		96DAA88F221750C20023ECAC /* Sources */ = {
			isa = PBXSourcesBuildPhase;
			buildActionMask = 2147483647;
			files = (
				96DAA899221750C20023ECAC /* ViewController.swift in Sources */,
				96DAA897221750C20023ECAC /* AppDelegate.swift in Sources */,
			);
			runOnlyForDeploymentPostprocessing = 0;
		};
		96DAA8A3221750C30023ECAC /* Sources */ = {
			isa = PBXSourcesBuildPhase;
			buildActionMask = 2147483647;
			files = (
				96DAA8AC221750C30023ECAC /* ParkEasyTests.swift in Sources */,
			);
			runOnlyForDeploymentPostprocessing = 0;
		};
		96DAA8AE221750C30023ECAC /* Sources */ = {
			isa = PBXSourcesBuildPhase;
			buildActionMask = 2147483647;
			files = (
				96DAA8B7221750C30023ECAC /* ParkEasyUITests.swift in Sources */,
			);
			runOnlyForDeploymentPostprocessing = 0;
		};
/* End PBXSourcesBuildPhase section */

/* Begin PBXTargetDependency section */
		96DAA8A9221750C30023ECAC /* PBXTargetDependency */ = {
			isa = PBXTargetDependency;
			target = 96DAA892221750C20023ECAC /* ParkEasy */;
			targetProxy = 96DAA8A8221750C30023ECAC /* PBXContainerItemProxy */;
		};
		96DAA8B4221750C30023ECAC /* PBXTargetDependency */ = {
			isa = PBXTargetDependency;
			target = 96DAA892221750C20023ECAC /* ParkEasy */;
			targetProxy = 96DAA8B3221750C30023ECAC /* PBXContainerItemProxy */;
		};
/* End PBXTargetDependency section */

/* Begin PBXVariantGroup section */
		96DAA89A221750C20023ECAC /* Main.storyboard */ = {
			isa = PBXVariantGroup;
			children = (
				96DAA89B221750C20023ECAC /* Base */,
			);
			name = Main.storyboard;
			sourceTree = "<group>";
		};
		96DAA89F221750C30023ECAC /* LaunchScreen.storyboard */ = {
			isa = PBXVariantGroup;
			children = (
				96DAA8A0221750C30023ECAC /* Base */,
			);
			name = LaunchScreen.storyboard;
			sourceTree = "<group>";
		};
/* End PBXVariantGroup section */

/* Begin XCBuildConfiguration section */
		96DAA8B9221750C30023ECAC /* Debug */ = {
			isa = XCBuildConfiguration;
			buildSettings = {
				ALWAYS_SEARCH_USER_PATHS = NO;
				CLANG_ANALYZER_NONNULL = YES;
				CLANG_ANALYZER_NUMBER_OBJECT_CONVERSION = YES_AGGRESSIVE;
				CLANG_CXX_LANGUAGE_STANDARD = "gnu++14";
				CLANG_CXX_LIBRARY = "libc++";
				CLANG_ENABLE_MODULES = YES;
				CLANG_ENABLE_OBJC_ARC = YES;
				CLANG_ENABLE_OBJC_WEAK = YES;
				CLANG_WARN_BLOCK_CAPTURE_AUTORELEASING = YES;
				CLANG_WARN_BOOL_CONVERSION = YES;
				CLANG_WARN_COMMA = YES;
				CLANG_WARN_CONSTANT_CONVERSION = YES;
				CLANG_WARN_DEPRECATED_OBJC_IMPLEMENTATIONS = YES;
				CLANG_WARN_DIRECT_OBJC_ISA_USAGE = YES_ERROR;
				CLANG_WARN_DOCUMENTATION_COMMENTS = YES;
				CLANG_WARN_EMPTY_BODY = YES;
				CLANG_WARN_ENUM_CONVERSION = YES;
				CLANG_WARN_INFINITE_RECURSION = YES;
				CLANG_WARN_INT_CONVERSION = YES;
				CLANG_WARN_NON_LITERAL_NULL_CONVERSION = YES;
				CLANG_WARN_OBJC_IMPLICIT_RETAIN_SELF = YES;
				CLANG_WARN_OBJC_LITERAL_CONVERSION = YES;
				CLANG_WARN_OBJC_ROOT_CLASS = YES_ERROR;
				CLANG_WARN_RANGE_LOOP_ANALYSIS = YES;
				CLANG_WARN_STRICT_PROTOTYPES = YES;
				CLANG_WARN_SUSPICIOUS_MOVE = YES;
				CLANG_WARN_UNGUARDED_AVAILABILITY = YES_AGGRESSIVE;
				CLANG_WARN_UNREACHABLE_CODE = YES;
				CLANG_WARN__DUPLICATE_METHOD_MATCH = YES;
				CODE_SIGN_IDENTITY = "iPhone Developer";
				COPY_PHASE_STRIP = NO;
				DEBUG_INFORMATION_FORMAT = dwarf;
				ENABLE_STRICT_OBJC_MSGSEND = YES;
				ENABLE_TESTABILITY = YES;
				GCC_C_LANGUAGE_STANDARD = gnu11;
				GCC_DYNAMIC_NO_PIC = NO;
				GCC_NO_COMMON_BLOCKS = YES;
				GCC_OPTIMIZATION_LEVEL = 0;
				GCC_PREPROCESSOR_DEFINITIONS = (
					"DEBUG=1",
					"$(inherited)",
				);
				GCC_WARN_64_TO_32_BIT_CONVERSION = YES;
				GCC_WARN_ABOUT_RETURN_TYPE = YES_ERROR;
				GCC_WARN_UNDECLARED_SELECTOR = YES;
				GCC_WARN_UNINITIALIZED_AUTOS = YES_AGGRESSIVE;
				GCC_WARN_UNUSED_FUNCTION = YES;
				GCC_WARN_UNUSED_VARIABLE = YES;
				IPHONEOS_DEPLOYMENT_TARGET = 12.1;
				MTL_ENABLE_DEBUG_INFO = INCLUDE_SOURCE;
				MTL_FAST_MATH = YES;
				ONLY_ACTIVE_ARCH = YES;
				SDKROOT = iphoneos;
				SWIFT_ACTIVE_COMPILATION_CONDITIONS = DEBUG;
				SWIFT_OPTIMIZATION_LEVEL = "-Onone";
			};
			name = Debug;
		};
		96DAA8BA221750C30023ECAC /* Release */ = {
			isa = XCBuildConfiguration;
			buildSettings = {
				ALWAYS_SEARCH_USER_PATHS = NO;
				CLANG_ANALYZER_NONNULL = YES;
				CLANG_ANALYZER_NUMBER_OBJECT_CONVERSION = YES_AGGRESSIVE;
				CLANG_CXX_LANGUAGE_STANDARD = "gnu++14";
				CLANG_CXX_LIBRARY = "libc++";
				CLANG_ENABLE_MODULES = YES;
				CLANG_ENABLE_OBJC_ARC = YES;
				CLANG_ENABLE_OBJC_WEAK = YES;
				CLANG_WARN_BLOCK_CAPTURE_AUTORELEASING = YES;
				CLANG_WARN_BOOL_CONVERSION = YES;
				CLANG_WARN_COMMA = YES;
				CLANG_WARN_CONSTANT_CONVERSION = YES;
				CLANG_WARN_DEPRECATED_OBJC_IMPLEMENTATIONS = YES;
				CLANG_WARN_DIRECT_OBJC_ISA_USAGE = YES_ERROR;
				CLANG_WARN_DOCUMENTATION_COMMENTS = YES;
				CLANG_WARN_EMPTY_BODY = YES;
				CLANG_WARN_ENUM_CONVERSION = YES;
				CLANG_WARN_INFINITE_RECURSION = YES;
				CLANG_WARN_INT_CONVERSION = YES;
				CLANG_WARN_NON_LITERAL_NULL_CONVERSION = YES;
				CLANG_WARN_OBJC_IMPLICIT_RETAIN_SELF = YES;
				CLANG_WARN_OBJC_LITERAL_CONVERSION = YES;
				CLANG_WARN_OBJC_ROOT_CLASS = YES_ERROR;
				CLANG_WARN_RANGE_LOOP_ANALYSIS = YES;
				CLANG_WARN_STRICT_PROTOTYPES = YES;
				CLANG_WARN_SUSPICIOUS_MOVE = YES;
				CLANG_WARN_UNGUARDED_AVAILABILITY = YES_AGGRESSIVE;
				CLANG_WARN_UNREACHABLE_CODE = YES;
				CLANG_WARN__DUPLICATE_METHOD_MATCH = YES;
				CODE_SIGN_IDENTITY = "iPhone Developer";
				COPY_PHASE_STRIP = NO;
				DEBUG_INFORMATION_FORMAT = "dwarf-with-dsym";
				ENABLE_NS_ASSERTIONS = NO;
				ENABLE_STRICT_OBJC_MSGSEND = YES;
				GCC_C_LANGUAGE_STANDARD = gnu11;
				GCC_NO_COMMON_BLOCKS = YES;
				GCC_WARN_64_TO_32_BIT_CONVERSION = YES;
				GCC_WARN_ABOUT_RETURN_TYPE = YES_ERROR;
				GCC_WARN_UNDECLARED_SELECTOR = YES;
				GCC_WARN_UNINITIALIZED_AUTOS = YES_AGGRESSIVE;
				GCC_WARN_UNUSED_FUNCTION = YES;
				GCC_WARN_UNUSED_VARIABLE = YES;
				IPHONEOS_DEPLOYMENT_TARGET = 12.1;
				MTL_ENABLE_DEBUG_INFO = NO;
				MTL_FAST_MATH = YES;
				SDKROOT = iphoneos;
				SWIFT_COMPILATION_MODE = wholemodule;
				SWIFT_OPTIMIZATION_LEVEL = "-O";
				VALIDATE_PRODUCT = YES;
			};
			name = Release;
		};
		96DAA8BC221750C30023ECAC /* Debug */ = {
			isa = XCBuildConfiguration;
			buildSettings = {
				ASSETCATALOG_COMPILER_APPICON_NAME = AppIcon;
				CODE_SIGN_STYLE = Automatic;
				INFOPLIST_FILE = ParkEasy/Info.plist;
				LD_RUNPATH_SEARCH_PATHS = (
					"$(inherited)",
					"@executable_path/Frameworks",
				);
				PRODUCT_BUNDLE_IDENTIFIER = com.Project.ParkEasy;
				PRODUCT_NAME = "$(TARGET_NAME)";
				SWIFT_VERSION = 4.2;
				TARGETED_DEVICE_FAMILY = "1,2";
			};
			name = Debug;
		};
		96DAA8BD221750C30023ECAC /* Release */ = {
			isa = XCBuildConfiguration;
			buildSettings = {
				ASSETCATALOG_COMPILER_APPICON_NAME = AppIcon;
				CODE_SIGN_STYLE = Automatic;
				INFOPLIST_FILE = ParkEasy/Info.plist;
				LD_RUNPATH_SEARCH_PATHS = (
					"$(inherited)",
					"@executable_path/Frameworks",
				);
				PRODUCT_BUNDLE_IDENTIFIER = com.Project.ParkEasy;
				PRODUCT_NAME = "$(TARGET_NAME)";
				SWIFT_VERSION = 4.2;
				TARGETED_DEVICE_FAMILY = "1,2";
			};
			name = Release;
		};
		96DAA8BF221750C30023ECAC /* Debug */ = {
			isa = XCBuildConfiguration;
			buildSettings = {
				ALWAYS_EMBED_SWIFT_STANDARD_LIBRARIES = YES;
				BUNDLE_LOADER = "$(TEST_HOST)";
				CODE_SIGN_STYLE = Automatic;
				INFOPLIST_FILE = ParkEasyTests/Info.plist;
				LD_RUNPATH_SEARCH_PATHS = (
					"$(inherited)",
					"@executable_path/Frameworks",
					"@loader_path/Frameworks",
				);
				PRODUCT_BUNDLE_IDENTIFIER = com.Project.ParkEasyTests;
				PRODUCT_NAME = "$(TARGET_NAME)";
				SWIFT_VERSION = 4.2;
				TARGETED_DEVICE_FAMILY = "1,2";
				TEST_HOST = "$(BUILT_PRODUCTS_DIR)/ParkEasy.app/ParkEasy";
			};
			name = Debug;
		};
		96DAA8C0221750C30023ECAC /* Release */ = {
			isa = XCBuildConfiguration;
			buildSettings = {
				ALWAYS_EMBED_SWIFT_STANDARD_LIBRARIES = YES;
				BUNDLE_LOADER = "$(TEST_HOST)";
				CODE_SIGN_STYLE = Automatic;
				INFOPLIST_FILE = ParkEasyTests/Info.plist;
				LD_RUNPATH_SEARCH_PATHS = (
					"$(inherited)",
					"@executable_path/Frameworks",
					"@loader_path/Frameworks",
				);
				PRODUCT_BUNDLE_IDENTIFIER = com.Project.ParkEasyTests;
				PRODUCT_NAME = "$(TARGET_NAME)";
				SWIFT_VERSION = 4.2;
				TARGETED_DEVICE_FAMILY = "1,2";
				TEST_HOST = "$(BUILT_PRODUCTS_DIR)/ParkEasy.app/ParkEasy";
			};
			name = Release;
		};
		96DAA8C2221750C30023ECAC /* Debug */ = {
			isa = XCBuildConfiguration;
			buildSettings = {
				ALWAYS_EMBED_SWIFT_STANDARD_LIBRARIES = YES;
				CODE_SIGN_STYLE = Automatic;
				INFOPLIST_FILE = ParkEasyUITests/Info.plist;
				LD_RUNPATH_SEARCH_PATHS = (
					"$(inherited)",
					"@executable_path/Frameworks",
					"@loader_path/Frameworks",
				);
				PRODUCT_BUNDLE_IDENTIFIER = com.Project.ParkEasyUITests;
				PRODUCT_NAME = "$(TARGET_NAME)";
				SWIFT_VERSION = 4.2;
				TARGETED_DEVICE_FAMILY = "1,2";
				TEST_TARGET_NAME = ParkEasy;
			};
			name = Debug;
		};
		96DAA8C3221750C30023ECAC /* Release */ = {
			isa = XCBuildConfiguration;
			buildSettings = {
				ALWAYS_EMBED_SWIFT_STANDARD_LIBRARIES = YES;
				CODE_SIGN_STYLE = Automatic;
				INFOPLIST_FILE = ParkEasyUITests/Info.plist;
				LD_RUNPATH_SEARCH_PATHS = (
					"$(inherited)",
					"@executable_path/Frameworks",
					"@loader_path/Frameworks",
				);
				PRODUCT_BUNDLE_IDENTIFIER = com.Project.ParkEasyUITests;
				PRODUCT_NAME = "$(TARGET_NAME)";
				SWIFT_VERSION = 4.2;
				TARGETED_DEVICE_FAMILY = "1,2";
				TEST_TARGET_NAME = ParkEasy;
			};
			name = Release;
		};
/* End XCBuildConfiguration section */

/* Begin XCConfigurationList section */
		96DAA88E221750C20023ECAC /* Build configuration list for PBXProject "ParkEasy" */ = {
			isa = XCConfigurationList;
			buildConfigurations = (
				96DAA8B9221750C30023ECAC /* Debug */,
				96DAA8BA221750C30023ECAC /* Release */,
			);
			defaultConfigurationIsVisible = 0;
			defaultConfigurationName = Release;
		};
		96DAA8BB221750C30023ECAC /* Build configuration list for PBXNativeTarget "ParkEasy" */ = {
			isa = XCConfigurationList;
			buildConfigurations = (
				96DAA8BC221750C30023ECAC /* Debug */,
				96DAA8BD221750C30023ECAC /* Release */,
			);
			defaultConfigurationIsVisible = 0;
			defaultConfigurationName = Release;
		};
		96DAA8BE221750C30023ECAC /* Build configuration list for PBXNativeTarget "ParkEasyTests" */ = {
			isa = XCConfigurationList;
			buildConfigurations = (
				96DAA8BF221750C30023ECAC /* Debug */,
				96DAA8C0221750C30023ECAC /* Release */,
			);
			defaultConfigurationIsVisible = 0;
			defaultConfigurationName = Release;
		};
		96DAA8C1221750C30023ECAC /* Build configuration list for PBXNativeTarget "ParkEasyUITests" */ = {
			isa = XCConfigurationList;
			buildConfigurations = (
				96DAA8C2221750C30023ECAC /* Debug */,
				96DAA8C3221750C30023ECAC /* Release */,
			);
			defaultConfigurationIsVisible = 0;
			defaultConfigurationName = Release;
		};
/* End XCConfigurationList section */
	};
	rootObject = 96DAA88B221750C20023ECAC /* Project object */;
}
